
Microsoft Visual Studio Solution File, Format Version 12.00
# Visual Studio Version 17
VisualStudioVersion = 17.14.37216.2
MinimumVisualStudioVersion = 10.0.40219.1
Project("{FAE04EC0-301F-11D3-BF4B-00C04F79EFBC}") = "Domain", "Domain\Domain.csproj", "{E528BBC3-1C26-8C35-F682-23718816ADCD}"
EndProject
Project("{FAE04EC0-301F-11D3-BF4B-00C04F79EFBC}") = "UI.Contracts", "UI.Contracts\UI.Contracts.csproj", "{AB181446-E0B2-E726-D10A-AED70A13E020}"
EndProject
Project("{FAE04EC0-301F-11D3-BF4B-00C04F79EFBC}") = "UI.WinForms", "UI.WinForms\UI.WinForms.csproj", "{C318BEB0-4A28-BA35-1C0F-8B4EF813DAB7}"
EndProject
Project("{FAE04EC0-301F-11D3-BF4B-00C04F79EFBC}") = "Versja", "Versja\Versja.csproj", "{3869F4EE-AFDE-DCA1-A759-32BB7A2BC681}"
EndProject
Project("{FAE04EC0-301F-11D3-BF4B-00C04F79EFBC}") = "Tests", "..\Private\Source\Tests\Tests.csproj", "{1BDD9A09-E8D1-85BB-EA71-B504FEBFC552}"
EndProject
Global
	GlobalSection(SolutionConfigurationPlatforms) = preSolution
		Debug|Any CPU = Debug|Any CPU
		Release|Any CPU = Release|Any CPU
	EndGlobalSection
	GlobalSection(ProjectConfigurationPlatforms) = postSolution
		{E528BBC3-1C26-8C35-F682-23718816ADCD}.Debug|Any CPU.ActiveCfg = Debug|Any CPU
		{E528BBC3-1C26-8C35-F682-23718816ADCD}.Debug|Any CPU.Build.0 = Debug|Any CPU
		{E528BBC3-1C26-8C35-F682-23718816ADCD}.Release|Any CPU.ActiveCfg = Release|Any CPU
		{E528BBC3-1C26-8C35-F682-23718816ADCD}.Release|Any CPU.Build.0 = Release|Any CPU
		{AB181446-E0B2-E726-D10A-AED70A13E020}.Debug|Any CPU.ActiveCfg = Debug|Any CPU
		{AB181446-E0B2-E726-D10A-AED70A13E020}.Debug|Any CPU.Build.0 = Debug|Any CPU
		{AB181446-E0B2-E726-D10A-AED70A13E020}.Release|Any CPU.ActiveCfg = Release|Any CPU
		{AB181446-E0B2-E726-D10A-AED70A13E020}.Release|Any CPU.Build.0 = Release|Any CPU
		{C318BEB0-4A28-BA35-1C0F-8B4EF813DAB7}.Debug|Any CPU.ActiveCfg = Debug|Any CPU
		{C318BEB0-4A28-BA35-1C0F-8B4EF813DAB7}.Debug|Any CPU.Build.0 = Debug|Any CPU
		{C318BEB0-4A28-BA35-1C0F-8B4EF813DAB7}.Release|Any CPU.ActiveCfg = Release|Any CPU
		{C318BEB0-4A28-BA35-1C0F-8B4EF813DAB7}.Release|Any CPU.Build.0 = Release|Any CPU
		{3869F4EE-AFDE-DCA1-A759-32BB7A2BC681}.Debug|Any CPU.ActiveCfg = Debug|Any CPU
		{3869F4EE-AFDE-DCA1-A759-32BB7A2BC681}.Debug|Any CPU.Build.0 = Debug|Any CPU
		{3869F4EE-AFDE-DCA1-A759-32BB7A2BC681}.Release|Any CPU.ActiveCfg = Release|Any CPU
		{3869F4EE-AFDE-DCA1-A759-32BB7A2BC681}.Release|Any CPU.Build.0 = Release|Any CPU
		{1BDD9A09-E8D1-85BB-EA71-B504FEBFC552}.Debug|Any CPU.ActiveCfg = Debug|Any CPU
		{1BDD9A09-E8D1-85BB-EA71-B504FEBFC552}.Debug|Any CPU.Build.0 = Debug|Any CPU
		{1BDD9A09-E8D1-85BB-EA71-B504FEBFC552}.Release|Any CPU.ActiveCfg = Release|Any CPU
		{1BDD9A09-E8D1-85BB-EA71-B504FEBFC552}.Release|Any CPU.Build.0 = Release|Any CPU
	EndGlobalSection
	GlobalSection(SolutionProperties) = preSolution
		HideSolutionNode = FALSE
	EndGlobalSection
	GlobalSection(ExtensibilityGlobals) = postSolution
		SolutionGuid = {E6BBBC86-C35B-4844-A62A-8CF9987ADC46}
	EndGlobalSection
EndGlobal
